
Microsoft Visual Studio Solution File, Format Version 12.00
# Visual Studio 15
VisualStudioVersion = 15.0.28307.271
MinimumVisualStudioVersion = 10.0.40219.1
Project("{9A19103F-16F7-4668-BE54-9A1E7A4F7556}") = "DesafioGlobo.API", "DesafioGlobo\DesafioGlobo.API.csproj", "{B0EC3D6C-5834-418E-A5B7-C23D279F166F}"
EndProject
Project("{2150E333-8FDC-42A3-9474-1A3956D46DE8}") = "Service", "Service", "{8ABBE38E-3E32-42B3-A368-080A8B35E61C}"
EndProject
Project("{2150E333-8FDC-42A3-9474-1A3956D46DE8}") = "Application", "Application", "{4ED1493D-D0EB-492E-9D10-EF37FBC1C171}"
EndProject
Project("{2150E333-8FDC-42A3-9474-1A3956D46DE8}") = "Domain", "Domain", "{84C126C4-75BF-4A48-A7FC-557310692079}"
EndProject
Project("{9A19103F-16F7-4668-BE54-9A1E7A4F7556}") = "DesafioGlobo.Application", "DesafioGlobo.Application\DesafioGlobo.Application.csproj", "{534C9238-9794-4754-B428-BED23F049507}"
EndProject
Project("{9A19103F-16F7-4668-BE54-9A1E7A4F7556}") = "DesafioGlobo.Domain", "DesafioGlobo.Domain\DesafioGlobo.Domain.csproj", "{52C0E0E1-45E5-468B-A41E-3C2AA58A7FBB}"
EndProject
Project("{2150E333-8FDC-42A3-9474-1A3956D46DE8}") = "Infra", "Infra", "{D55324F4-C164-49B6-8A68-EE2C1C08C323}"
EndProject
Project("{2150E333-8FDC-42A3-9474-1A3956D46DE8}") = "CrossCutting", "CrossCutting", "{0B65106D-3B04-4EF3-916B-57495F1828E0}"
EndProject
Project("{2150E333-8FDC-42A3-9474-1A3956D46DE8}") = "Data", "Data", "{3300BDFE-4314-4191-A7B5-E7ADE2578EDE}"
EndProject
Project("{9A19103F-16F7-4668-BE54-9A1E7A4F7556}") = "DesafioGlobo.Infra.Data", "DesafioGlobo.Infra.Data\DesafioGlobo.Infra.Data.csproj", "{8C0F78F1-E61F-4BB2-B0C2-BD41848A48AC}"
EndProject
Project("{9A19103F-16F7-4668-BE54-9A1E7A4F7556}") = "DesafioGlobo.Infra.CrossCutting.IoC", "DesafioGlobo.Infra.CrossCutting.IoC\DesafioGlobo.Infra.CrossCutting.IoC.csproj", "{4A170EC9-7F35-4B47-A46C-5C297E42E95C}"
EndProject
Project("{9A19103F-16F7-4668-BE54-9A1E7A4F7556}") = "DesafioGlobo.Infra.CrossCutting.Helper", "DesafioGlobo.Infra.CrossCutting.Helper\DesafioGlobo.Infra.CrossCutting.Helper.csproj", "{38BD0E1C-9349-486F-A814-6BA5208AB150}"
EndProject
Project("{2150E333-8FDC-42A3-9474-1A3956D46DE8}") = "Test", "Test", "{194A0404-3AEF-4708-9E54-5B8956554604}"
EndProject
Project("{FAE04EC0-301F-11D3-BF4B-00C04F79EFBC}") = "DesafioGlobo.Test", "DesafioGlobo.Test\DesafioGlobo.Test.csproj", "{204778DE-DC5F-469B-9038-6C74B998C8F5}"
EndProject
Global
	GlobalSection(SolutionConfigurationPlatforms) = preSolution
		Debug|Any CPU = Debug|Any CPU
		Release|Any CPU = Release|Any CPU
	EndGlobalSection
	GlobalSection(ProjectConfigurationPlatforms) = postSolution
		{B0EC3D6C-5834-418E-A5B7-C23D279F166F}.Debug|Any CPU.ActiveCfg = Debug|Any CPU
		{B0EC3D6C-5834-418E-A5B7-C23D279F166F}.Debug|Any CPU.Build.0 = Debug|Any CPU
		{B0EC3D6C-5834-418E-A5B7-C23D279F166F}.Release|Any CPU.ActiveCfg = Release|Any CPU
		{B0EC3D6C-5834-418E-A5B7-C23D279F166F}.Release|Any CPU.Build.0 = Release|Any CPU
		{534C9238-9794-4754-B428-BED23F049507}.Debug|Any CPU.ActiveCfg = Debug|Any CPU
		{534C9238-9794-4754-B428-BED23F049507}.Debug|Any CPU.Build.0 = Debug|Any CPU
		{534C9238-9794-4754-B428-BED23F049507}.Release|Any CPU.ActiveCfg = Release|Any CPU
		{534C9238-9794-4754-B428-BED23F049507}.Release|Any CPU.Build.0 = Release|Any CPU
		{52C0E0E1-45E5-468B-A41E-3C2AA58A7FBB}.Debug|Any CPU.ActiveCfg = Debug|Any CPU
		{52C0E0E1-45E5-468B-A41E-3C2AA58A7FBB}.Debug|Any CPU.Build.0 = Debug|Any CPU
		{52C0E0E1-45E5-468B-A41E-3C2AA58A7FBB}.Release|Any CPU.ActiveCfg = Release|Any CPU
		{52C0E0E1-45E5-468B-A41E-3C2AA58A7FBB}.Release|Any CPU.Build.0 = Release|Any CPU
		{8C0F78F1-E61F-4BB2-B0C2-BD41848A48AC}.Debug|Any CPU.ActiveCfg = Debug|Any CPU
		{8C0F78F1-E61F-4BB2-B0C2-BD41848A48AC}.Debug|Any CPU.Build.0 = Debug|Any CPU
		{8C0F78F1-E61F-4BB2-B0C2-BD41848A48AC}.Release|Any CPU.ActiveCfg = Release|Any CPU
		{8C0F78F1-E61F-4BB2-B0C2-BD41848A48AC}.Release|Any CPU.Build.0 = Release|Any CPU
		{4A170EC9-7F35-4B47-A46C-5C297E42E95C}.Debug|Any CPU.ActiveCfg = Debug|Any CPU
		{4A170EC9-7F35-4B47-A46C-5C297E42E95C}.Debug|Any CPU.Build.0 = Debug|Any CPU
		{4A170EC9-7F35-4B47-A46C-5C297E42E95C}.Release|Any CPU.ActiveCfg = Release|Any CPU
		{4A170EC9-7F35-4B47-A46C-5C297E42E95C}.Release|Any CPU.Build.0 = Release|Any CPU
		{38BD0E1C-9349-486F-A814-6BA5208AB150}.Debug|Any CPU.ActiveCfg = Debug|Any CPU
		{38BD0E1C-9349-486F-A814-6BA5208AB150}.Debug|Any CPU.Build.0 = Debug|Any CPU
		{38BD0E1C-9349-486F-A814-6BA5208AB150}.Release|Any CPU.ActiveCfg = Release|Any CPU
		{38BD0E1C-9349-486F-A814-6BA5208AB150}.Release|Any CPU.Build.0 = Release|Any CPU
		{204778DE-DC5F-469B-9038-6C74B998C8F5}.Debug|Any CPU.ActiveCfg = Debug|Any CPU
		{204778DE-DC5F-469B-9038-6C74B998C8F5}.Debug|Any CPU.Build.0 = Debug|Any CPU
		{204778DE-DC5F-469B-9038-6C74B998C8F5}.Release|Any CPU.ActiveCfg = Release|Any CPU
		{204778DE-DC5F-469B-9038-6C74B998C8F5}.Release|Any CPU.Build.0 = Release|Any CPU
	EndGlobalSection
	GlobalSection(SolutionProperties) = preSolution
		HideSolutionNode = FALSE
	EndGlobalSection
	GlobalSection(NestedProjects) = preSolution
		{B0EC3D6C-5834-418E-A5B7-C23D279F166F} = {8ABBE38E-3E32-42B3-A368-080A8B35E61C}
		{534C9238-9794-4754-B428-BED23F049507} = {4ED1493D-D0EB-492E-9D10-EF37FBC1C171}
		{52C0E0E1-45E5-468B-A41E-3C2AA58A7FBB} = {84C126C4-75BF-4A48-A7FC-557310692079}
		{0B65106D-3B04-4EF3-916B-57495F1828E0} = {D55324F4-C164-49B6-8A68-EE2C1C08C323}
		{3300BDFE-4314-4191-A7B5-E7ADE2578EDE} = {D55324F4-C164-49B6-8A68-EE2C1C08C323}
		{8C0F78F1-E61F-4BB2-B0C2-BD41848A48AC} = {3300BDFE-4314-4191-A7B5-E7ADE2578EDE}
		{4A170EC9-7F35-4B47-A46C-5C297E42E95C} = {0B65106D-3B04-4EF3-916B-57495F1828E0}
		{38BD0E1C-9349-486F-A814-6BA5208AB150} = {0B65106D-3B04-4EF3-916B-57495F1828E0}
		{204778DE-DC5F-469B-9038-6C74B998C8F5} = {194A0404-3AEF-4708-9E54-5B8956554604}
	EndGlobalSection
	GlobalSection(ExtensibilityGlobals) = postSolution
		SolutionGuid = {2B70486E-FBD4-4DA1-BE4B-2CFAA47C6B7D}
	EndGlobalSection
EndGlobal
