
Microsoft Visual Studio Solution File, Format Version 12.00
# Visual Studio 15
VisualStudioVersion = 15.0.28307.271
MinimumVisualStudioVersion = 10.0.40219.1
Project("{FAE04EC0-301F-11D3-BF4B-00C04F79EFBC}") = "DesafioGlobo", "DesafioGlobo\DesafioGlobo.csproj", "{B0EC3D6C-5834-418E-A5B7-C23D279F166F}"
EndProject
Global
	GlobalSection(SolutionConfigurationPlatforms) = preSolution
		Debug|Any CPU = Debug|Any CPU
		Release|Any CPU = Release|Any CPU
	EndGlobalSection
	GlobalSection(ProjectConfigurationPlatforms) = postSolution
		{B0EC3D6C-5834-418E-A5B7-C23D279F166F}.Debug|Any CPU.ActiveCfg = Debug|Any CPU
		{B0EC3D6C-5834-418E-A5B7-C23D279F166F}.Debug|Any CPU.Build.0 = Debug|Any CPU
		{B0EC3D6C-5834-418E-A5B7-C23D279F166F}.Release|Any CPU.ActiveCfg = Release|Any CPU
		{B0EC3D6C-5834-418E-A5B7-C23D279F166F}.Release|Any CPU.Build.0 = Release|Any CPU
	EndGlobalSection
	GlobalSection(SolutionProperties) = preSolution
		HideSolutionNode = FALSE
	EndGlobalSection
	GlobalSection(ExtensibilityGlobals) = postSolution
		SolutionGuid = {2B70486E-FBD4-4DA1-BE4B-2CFAA47C6B7D}
	EndGlobalSection
EndGlobal
